
Microsoft Visual Studio Solution File, Format Version 12.00
# Visual Studio Version 17
VisualStudioVersion = 17.10.35004.147
MinimumVisualStudioVersion = 10.0.40219.1
Project("{8BC9CEB8-8B4A-11D0-8D11-00A0C91BC942}") = "getsSample", "getsSample\getsSample.vcxproj", "{366CD33B-DFF5-428D-9742-E634CE6DDD84}"
EndProject
Global
	GlobalSection(SolutionConfigurationPlatforms) = preSolution
		Debug|x64 = Debug|x64
		Debug|x86 = Debug|x86
		Release|x64 = Release|x64
		Release|x86 = Release|x86
	EndGlobalSection
	GlobalSection(ProjectConfigurationPlatforms) = postSolution
		{366CD33B-DFF5-428D-9742-E634CE6DDD84}.Debug|x64.ActiveCfg = Debug|x64
		{366CD33B-DFF5-428D-9742-E634CE6DDD84}.Debug|x64.Build.0 = Debug|x64
		{366CD33B-DFF5-428D-9742-E634CE6DDD84}.Debug|x86.ActiveCfg = Debug|Win32
		{366CD33B-DFF5-428D-9742-E634CE6DDD84}.Debug|x86.Build.0 = Debug|Win32
		{366CD33B-DFF5-428D-9742-E634CE6DDD84}.Release|x64.ActiveCfg = Release|x64
		{366CD33B-DFF5-428D-9742-E634CE6DDD84}.Release|x64.Build.0 = Release|x64
		{366CD33B-DFF5-428D-9742-E634CE6DDD84}.Release|x86.ActiveCfg = Release|Win32
		{366CD33B-DFF5-428D-9742-E634CE6DDD84}.Release|x86.Build.0 = Release|Win32
	EndGlobalSection
	GlobalSection(SolutionProperties) = preSolution
		HideSolutionNode = FALSE
	EndGlobalSection
	GlobalSection(ExtensibilityGlobals) = postSolution
		SolutionGuid = {7307CABC-D178-422E-9046-E932B7304EE8}
	EndGlobalSection
EndGlobal
